{
  "name": "project1",
  "lockfileVersion": 3,
  "requires": true,
  "packages": {
    "": {
      "dependencies": {
        "spring": "^0.0.0"
      }
    },
    "node_modules/spring": {
      "version": "0.0.0",
      "resolved": "https://registry.npmjs.org/spring/-/spring-0.0.0.tgz",
      "integrity": "sha512-hQKa8vrkjMLCR5HUMQNRS5oUA0FKSgSvpLSyu6dcNUBc1uCfZ+TssIQXcKQtV4JP8QYGwKtz+6d630ovL4lzeg==",
      "license": "ISC"
    }
  }
}
